// !$*UTF8*$!
{
	archiveVersion = 1;
	classes = {
	};
	objectVersion = 46;
	objects = {

/* Begin PBXBuildFile section */
		1332F87984EC4B3FA94D19CA /* libPods-Penny.a in Frameworks */ = {isa = PBXBuildFile; fileRef = F7EFEFA6D7424C60B7935E57 /* libPods-Penny.a */; };
		1B3274B31984674A00D6B1F3 /* MPNavigationView.m in Sources */ = {isa = PBXBuildFile; fileRef = 1B3274B21984674A00D6B1F3 /* MPNavigationView.m */; };
		1B3274BD1984702800D6B1F3 /* MPClient.m in Sources */ = {isa = PBXBuildFile; fileRef = 1B3274BB1984702800D6B1F3 /* MPClient.m */; };
		1B3274BF198470A200D6B1F3 /* CoreData.framework in Frameworks */ = {isa = PBXBuildFile; fileRef = 1B3274BE198470A200D6B1F3 /* CoreData.framework */; };
		1B3274C2198471D800D6B1F3 /* Penny.xcdatamodeld in Sources */ = {isa = PBXBuildFile; fileRef = 1B3274C0198471D800D6B1F3 /* Penny.xcdatamodeld */; };
		1B3274C9198473C000D6B1F3 /* MPCoreDataManager.m in Sources */ = {isa = PBXBuildFile; fileRef = 1B3274C8198473C000D6B1F3 /* MPCoreDataManager.m */; };
		1B3274CC19847E5300D6B1F3 /* MPDayRecord.m in Sources */ = {isa = PBXBuildFile; fileRef = 1B3274CB19847E5300D6B1F3 /* MPDayRecord.m */; };
		1B3274CF19847E9300D6B1F3 /* MPDayRecord+MP.m in Sources */ = {isa = PBXBuildFile; fileRef = 1B3274CE19847E9300D6B1F3 /* MPDayRecord+MP.m */; };
		1B3274D21984812C00D6B1F3 /* NSDate+MP.m in Sources */ = {isa = PBXBuildFile; fileRef = 1B3274D11984812C00D6B1F3 /* NSDate+MP.m */; };
		1B3274D81984842E00D6B1F3 /* NSManagedObjectContext+MP.m in Sources */ = {isa = PBXBuildFile; fileRef = 1B3274D61984842E00D6B1F3 /* NSManagedObjectContext+MP.m */; };
		1B830CCD1984651300D9C846 /* Foundation.framework in Frameworks */ = {isa = PBXBuildFile; fileRef = 1B830CCC1984651300D9C846 /* Foundation.framework */; };
		1B830CCF1984651300D9C846 /* CoreGraphics.framework in Frameworks */ = {isa = PBXBuildFile; fileRef = 1B830CCE1984651300D9C846 /* CoreGraphics.framework */; };
		1B830CD11984651300D9C846 /* UIKit.framework in Frameworks */ = {isa = PBXBuildFile; fileRef = 1B830CD01984651300D9C846 /* UIKit.framework */; };
		1B830CD71984651300D9C846 /* InfoPlist.strings in Resources */ = {isa = PBXBuildFile; fileRef = 1B830CD51984651300D9C846 /* InfoPlist.strings */; };
		1B830CD91984651300D9C846 /* main.m in Sources */ = {isa = PBXBuildFile; fileRef = 1B830CD81984651300D9C846 /* main.m */; };
		1B830CDD1984651400D9C846 /* MPAppDelegate.m in Sources */ = {isa = PBXBuildFile; fileRef = 1B830CDC1984651400D9C846 /* MPAppDelegate.m */; };
		1B830CDF1984651400D9C846 /* Images.xcassets in Resources */ = {isa = PBXBuildFile; fileRef = 1B830CDE1984651400D9C846 /* Images.xcassets */; };
		1B830CE61984651400D9C846 /* XCTest.framework in Frameworks */ = {isa = PBXBuildFile; fileRef = 1B830CE51984651400D9C846 /* XCTest.framework */; };
		1B830CE71984651400D9C846 /* Foundation.framework in Frameworks */ = {isa = PBXBuildFile; fileRef = 1B830CCC1984651300D9C846 /* Foundation.framework */; };
		1B830CE81984651400D9C846 /* UIKit.framework in Frameworks */ = {isa = PBXBuildFile; fileRef = 1B830CD01984651300D9C846 /* UIKit.framework */; };
		1B830CF01984651400D9C846 /* InfoPlist.strings in Resources */ = {isa = PBXBuildFile; fileRef = 1B830CEE1984651400D9C846 /* InfoPlist.strings */; };
		1B830CF21984651400D9C846 /* PennyTests.m in Sources */ = {isa = PBXBuildFile; fileRef = 1B830CF11984651400D9C846 /* PennyTests.m */; };
		B1454F1A198489FE000056EA /* MPFrameSequenceView.m in Sources */ = {isa = PBXBuildFile; fileRef = B1454F19198489FE000056EA /* MPFrameSequenceView.m */; };
		B1454F2019848D2E000056EA /* MPDayViewController.m in Sources */ = {isa = PBXBuildFile; fileRef = B1454F1F19848D2E000056EA /* MPDayViewController.m */; };
		B1454F2319848F63000056EA /* MPDailyBudgetView.m in Sources */ = {isa = PBXBuildFile; fileRef = B1454F2219848F63000056EA /* MPDailyBudgetView.m */; };
/* End PBXBuildFile section */

/* Begin PBXContainerItemProxy section */
		1B830CE91984651400D9C846 /* PBXContainerItemProxy */ = {
			isa = PBXContainerItemProxy;
			containerPortal = 1B830CC11984651300D9C846 /* Project object */;
			proxyType = 1;
			remoteGlobalIDString = 1B830CC81984651300D9C846;
			remoteInfo = Penny;
		};
/* End PBXContainerItemProxy section */

/* Begin PBXFileReference section */
		1B3274B11984674A00D6B1F3 /* MPNavigationView.h */ = {isa = PBXFileReference; fileEncoding = 4; lastKnownFileType = sourcecode.c.h; name = MPNavigationView.h; path = views/MPNavigationView.h; sourceTree = "<group>"; };
		1B3274B21984674A00D6B1F3 /* MPNavigationView.m */ = {isa = PBXFileReference; fileEncoding = 4; lastKnownFileType = sourcecode.c.objc; name = MPNavigationView.m; path = views/MPNavigationView.m; sourceTree = "<group>"; };
		1B3274BB1984702800D6B1F3 /* MPClient.m */ = {isa = PBXFileReference; fileEncoding = 4; lastKnownFileType = sourcecode.c.objc; path = MPClient.m; sourceTree = "<group>"; };
		1B3274BC1984702800D6B1F3 /* MPClient.h */ = {isa = PBXFileReference; fileEncoding = 4; lastKnownFileType = sourcecode.c.h; path = MPClient.h; sourceTree = "<group>"; };
		1B3274BE198470A200D6B1F3 /* CoreData.framework */ = {isa = PBXFileReference; lastKnownFileType = wrapper.framework; name = CoreData.framework; path = System/Library/Frameworks/CoreData.framework; sourceTree = SDKROOT; };
		1B3274C1198471D800D6B1F3 /* Penny.xcdatamodel */ = {isa = PBXFileReference; lastKnownFileType = wrapper.xcdatamodel; path = Penny.xcdatamodel; sourceTree = "<group>"; };
		1B3274C7198473C000D6B1F3 /* MPCoreDataManager.h */ = {isa = PBXFileReference; fileEncoding = 4; lastKnownFileType = sourcecode.c.h; path = MPCoreDataManager.h; sourceTree = "<group>"; };
		1B3274C8198473C000D6B1F3 /* MPCoreDataManager.m */ = {isa = PBXFileReference; fileEncoding = 4; lastKnownFileType = sourcecode.c.objc; path = MPCoreDataManager.m; sourceTree = "<group>"; };
		1B3274CA19847E5300D6B1F3 /* MPDayRecord.h */ = {isa = PBXFileReference; fileEncoding = 4; lastKnownFileType = sourcecode.c.h; name = MPDayRecord.h; path = model/MPDayRecord.h; sourceTree = "<group>"; };
		1B3274CB19847E5300D6B1F3 /* MPDayRecord.m */ = {isa = PBXFileReference; fileEncoding = 4; lastKnownFileType = sourcecode.c.objc; name = MPDayRecord.m; path = model/MPDayRecord.m; sourceTree = "<group>"; };
		1B3274CD19847E9300D6B1F3 /* MPDayRecord+MP.h */ = {isa = PBXFileReference; fileEncoding = 4; lastKnownFileType = sourcecode.c.h; name = "MPDayRecord+MP.h"; path = "model/MPDayRecord+MP.h"; sourceTree = "<group>"; };
		1B3274CE19847E9300D6B1F3 /* MPDayRecord+MP.m */ = {isa = PBXFileReference; fileEncoding = 4; lastKnownFileType = sourcecode.c.objc; name = "MPDayRecord+MP.m"; path = "model/MPDayRecord+MP.m"; sourceTree = "<group>"; };
		1B3274D01984812C00D6B1F3 /* NSDate+MP.h */ = {isa = PBXFileReference; fileEncoding = 4; lastKnownFileType = sourcecode.c.h; path = "NSDate+MP.h"; sourceTree = "<group>"; };
		1B3274D11984812C00D6B1F3 /* NSDate+MP.m */ = {isa = PBXFileReference; fileEncoding = 4; lastKnownFileType = sourcecode.c.objc; path = "NSDate+MP.m"; sourceTree = "<group>"; };
		1B3274D61984842E00D6B1F3 /* NSManagedObjectContext+MP.m */ = {isa = PBXFileReference; fileEncoding = 4; lastKnownFileType = sourcecode.c.objc; path = "NSManagedObjectContext+MP.m"; sourceTree = "<group>"; };
		1B3274D71984842E00D6B1F3 /* NSManagedObjectContext+MP.h */ = {isa = PBXFileReference; fileEncoding = 4; lastKnownFileType = sourcecode.c.h; path = "NSManagedObjectContext+MP.h"; sourceTree = "<group>"; };
		1B830CC91984651300D9C846 /* Penny.app */ = {isa = PBXFileReference; explicitFileType = wrapper.application; includeInIndex = 0; path = Penny.app; sourceTree = BUILT_PRODUCTS_DIR; };
		1B830CCC1984651300D9C846 /* Foundation.framework */ = {isa = PBXFileReference; lastKnownFileType = wrapper.framework; name = Foundation.framework; path = System/Library/Frameworks/Foundation.framework; sourceTree = SDKROOT; };
		1B830CCE1984651300D9C846 /* CoreGraphics.framework */ = {isa = PBXFileReference; lastKnownFileType = wrapper.framework; name = CoreGraphics.framework; path = System/Library/Frameworks/CoreGraphics.framework; sourceTree = SDKROOT; };
		1B830CD01984651300D9C846 /* UIKit.framework */ = {isa = PBXFileReference; lastKnownFileType = wrapper.framework; name = UIKit.framework; path = System/Library/Frameworks/UIKit.framework; sourceTree = SDKROOT; };
		1B830CD41984651300D9C846 /* Penny-Info.plist */ = {isa = PBXFileReference; lastKnownFileType = text.plist.xml; path = "Penny-Info.plist"; sourceTree = "<group>"; };
		1B830CD61984651300D9C846 /* en */ = {isa = PBXFileReference; lastKnownFileType = text.plist.strings; name = en; path = en.lproj/InfoPlist.strings; sourceTree = "<group>"; };
		1B830CD81984651300D9C846 /* main.m */ = {isa = PBXFileReference; lastKnownFileType = sourcecode.c.objc; path = main.m; sourceTree = "<group>"; };
		1B830CDA1984651400D9C846 /* Penny-Prefix.pch */ = {isa = PBXFileReference; lastKnownFileType = sourcecode.c.h; path = "Penny-Prefix.pch"; sourceTree = "<group>"; };
		1B830CDB1984651400D9C846 /* MPAppDelegate.h */ = {isa = PBXFileReference; lastKnownFileType = sourcecode.c.h; path = MPAppDelegate.h; sourceTree = "<group>"; };
		1B830CDC1984651400D9C846 /* MPAppDelegate.m */ = {isa = PBXFileReference; lastKnownFileType = sourcecode.c.objc; path = MPAppDelegate.m; sourceTree = "<group>"; };
		1B830CDE1984651400D9C846 /* Images.xcassets */ = {isa = PBXFileReference; lastKnownFileType = folder.assetcatalog; path = Images.xcassets; sourceTree = "<group>"; };
		1B830CE41984651400D9C846 /* PennyTests.xctest */ = {isa = PBXFileReference; explicitFileType = wrapper.cfbundle; includeInIndex = 0; path = PennyTests.xctest; sourceTree = BUILT_PRODUCTS_DIR; };
		1B830CE51984651400D9C846 /* XCTest.framework */ = {isa = PBXFileReference; lastKnownFileType = wrapper.framework; name = XCTest.framework; path = Library/Frameworks/XCTest.framework; sourceTree = DEVELOPER_DIR; };
		1B830CED1984651400D9C846 /* PennyTests-Info.plist */ = {isa = PBXFileReference; lastKnownFileType = text.plist.xml; path = "PennyTests-Info.plist"; sourceTree = "<group>"; };
		1B830CEF1984651400D9C846 /* en */ = {isa = PBXFileReference; lastKnownFileType = text.plist.strings; name = en; path = en.lproj/InfoPlist.strings; sourceTree = "<group>"; };
		1B830CF11984651400D9C846 /* PennyTests.m */ = {isa = PBXFileReference; lastKnownFileType = sourcecode.c.objc; path = PennyTests.m; sourceTree = "<group>"; };
		B1454F18198489FE000056EA /* MPFrameSequenceView.h */ = {isa = PBXFileReference; fileEncoding = 4; lastKnownFileType = sourcecode.c.h; path = MPFrameSequenceView.h; sourceTree = "<group>"; };
		B1454F19198489FE000056EA /* MPFrameSequenceView.m */ = {isa = PBXFileReference; fileEncoding = 4; lastKnownFileType = sourcecode.c.objc; path = MPFrameSequenceView.m; sourceTree = "<group>"; };
		B1454F1E19848D2E000056EA /* MPDayViewController.h */ = {isa = PBXFileReference; fileEncoding = 4; lastKnownFileType = sourcecode.c.h; path = MPDayViewController.h; sourceTree = "<group>"; };
		B1454F1F19848D2E000056EA /* MPDayViewController.m */ = {isa = PBXFileReference; fileEncoding = 4; lastKnownFileType = sourcecode.c.objc; path = MPDayViewController.m; sourceTree = "<group>"; };
		B1454F2119848F63000056EA /* MPDailyBudgetView.h */ = {isa = PBXFileReference; fileEncoding = 4; lastKnownFileType = sourcecode.c.h; path = MPDailyBudgetView.h; sourceTree = "<group>"; };
		B1454F2219848F63000056EA /* MPDailyBudgetView.m */ = {isa = PBXFileReference; fileEncoding = 4; lastKnownFileType = sourcecode.c.objc; path = MPDailyBudgetView.m; sourceTree = "<group>"; };
		F13447C4175A4EC79CAB29E0 /* Pods-Penny.xcconfig */ = {isa = PBXFileReference; includeInIndex = 1; lastKnownFileType = text.xcconfig; name = "Pods-Penny.xcconfig"; path = "Pods/Pods-Penny.xcconfig"; sourceTree = "<group>"; };
		F7EFEFA6D7424C60B7935E57 /* libPods-Penny.a */ = {isa = PBXFileReference; explicitFileType = archive.ar; includeInIndex = 0; path = "libPods-Penny.a"; sourceTree = BUILT_PRODUCTS_DIR; };
/* End PBXFileReference section */

/* Begin PBXFrameworksBuildPhase section */
		1B830CC61984651300D9C846 /* Frameworks */ = {
			isa = PBXFrameworksBuildPhase;
			buildActionMask = 2147483647;
			files = (
				1B3274BF198470A200D6B1F3 /* CoreData.framework in Frameworks */,
				1B830CCF1984651300D9C846 /* CoreGraphics.framework in Frameworks */,
				1B830CD11984651300D9C846 /* UIKit.framework in Frameworks */,
				1B830CCD1984651300D9C846 /* Foundation.framework in Frameworks */,
				1332F87984EC4B3FA94D19CA /* libPods-Penny.a in Frameworks */,
			);
			runOnlyForDeploymentPostprocessing = 0;
		};
		1B830CE11984651400D9C846 /* Frameworks */ = {
			isa = PBXFrameworksBuildPhase;
			buildActionMask = 2147483647;
			files = (
				1B830CE61984651400D9C846 /* XCTest.framework in Frameworks */,
				1B830CE81984651400D9C846 /* UIKit.framework in Frameworks */,
				1B830CE71984651400D9C846 /* Foundation.framework in Frameworks */,
			);
			runOnlyForDeploymentPostprocessing = 0;
		};
/* End PBXFrameworksBuildPhase section */

/* Begin PBXGroup section */
		1B3274B41984674E00D6B1F3 /* Views */ = {
			isa = PBXGroup;
			children = (
				B1454F18198489FE000056EA /* MPFrameSequenceView.h */,
				B1454F19198489FE000056EA /* MPFrameSequenceView.m */,
				1B3274B11984674A00D6B1F3 /* MPNavigationView.h */,
				1B3274B21984674A00D6B1F3 /* MPNavigationView.m */,
				B1454F2119848F63000056EA /* MPDailyBudgetView.h */,
				B1454F2219848F63000056EA /* MPDailyBudgetView.m */,
			);
			name = Views;
			sourceTree = "<group>";
		};
		1B3274C61984737500D6B1F3 /* Model */ = {
			isa = PBXGroup;
			children = (
				1B3274CA19847E5300D6B1F3 /* MPDayRecord.h */,
				1B3274CB19847E5300D6B1F3 /* MPDayRecord.m */,
				1B3274CD19847E9300D6B1F3 /* MPDayRecord+MP.h */,
				1B3274CE19847E9300D6B1F3 /* MPDayRecord+MP.m */,
			);
			name = Model;
			sourceTree = "<group>";
		};
		1B830CC01984651300D9C846 = {
			isa = PBXGroup;
			children = (
				1B830CD21984651300D9C846 /* Penny */,
				1B830CEB1984651400D9C846 /* PennyTests */,
				1B830CCB1984651300D9C846 /* Frameworks */,
				1B830CCA1984651300D9C846 /* Products */,
				F13447C4175A4EC79CAB29E0 /* Pods-Penny.xcconfig */,
			);
			sourceTree = "<group>";
		};
		1B830CCA1984651300D9C846 /* Products */ = {
			isa = PBXGroup;
			children = (
				1B830CC91984651300D9C846 /* Penny.app */,
				1B830CE41984651400D9C846 /* PennyTests.xctest */,
			);
			name = Products;
			sourceTree = "<group>";
		};
		1B830CCB1984651300D9C846 /* Frameworks */ = {
			isa = PBXGroup;
			children = (
				1B3274BE198470A200D6B1F3 /* CoreData.framework */,
				1B830CCC1984651300D9C846 /* Foundation.framework */,
				1B830CCE1984651300D9C846 /* CoreGraphics.framework */,
				1B830CD01984651300D9C846 /* UIKit.framework */,
				1B830CE51984651400D9C846 /* XCTest.framework */,
				F7EFEFA6D7424C60B7935E57 /* libPods-Penny.a */,
			);
			name = Frameworks;
			sourceTree = "<group>";
		};
		1B830CD21984651300D9C846 /* Penny */ = {
			isa = PBXGroup;
			children = (
				B1454F1D19848CFE000056EA /* Controllers */,
				1B830CDB1984651400D9C846 /* MPAppDelegate.h */,
				1B3274B41984674E00D6B1F3 /* Views */,
				1B830CDC1984651400D9C846 /* MPAppDelegate.m */,
				1B3274BB1984702800D6B1F3 /* MPClient.m */,
				1B3274C7198473C000D6B1F3 /* MPCoreDataManager.h */,
				1B3274C8198473C000D6B1F3 /* MPCoreDataManager.m */,
				1B3274BC1984702800D6B1F3 /* MPClient.h */,
				1B3274D61984842E00D6B1F3 /* NSManagedObjectContext+MP.m */,
				1B3274D71984842E00D6B1F3 /* NSManagedObjectContext+MP.h */,
				1B830CDE1984651400D9C846 /* Images.xcassets */,
				1B830CD31984651300D9C846 /* Supporting Files */,
				1B3274C0198471D800D6B1F3 /* Penny.xcdatamodeld */,
				1B3274D01984812C00D6B1F3 /* NSDate+MP.h */,
				1B3274D11984812C00D6B1F3 /* NSDate+MP.m */,
				1B3274C61984737500D6B1F3 /* Model */,
			);
			path = Penny;
			sourceTree = "<group>";
		};
		1B830CD31984651300D9C846 /* Supporting Files */ = {
			isa = PBXGroup;
			children = (
				1B830CD41984651300D9C846 /* Penny-Info.plist */,
				1B830CD51984651300D9C846 /* InfoPlist.strings */,
				1B830CD81984651300D9C846 /* main.m */,
				1B830CDA1984651400D9C846 /* Penny-Prefix.pch */,
			);
			name = "Supporting Files";
			sourceTree = "<group>";
		};
		1B830CEB1984651400D9C846 /* PennyTests */ = {
			isa = PBXGroup;
			children = (
				1B830CF11984651400D9C846 /* PennyTests.m */,
				1B830CEC1984651400D9C846 /* Supporting Files */,
			);
			path = PennyTests;
			sourceTree = "<group>";
		};
		1B830CEC1984651400D9C846 /* Supporting Files */ = {
			isa = PBXGroup;
			children = (
				1B830CED1984651400D9C846 /* PennyTests-Info.plist */,
				1B830CEE1984651400D9C846 /* InfoPlist.strings */,
			);
			name = "Supporting Files";
			sourceTree = "<group>";
		};
		B1454F1D19848CFE000056EA /* Controllers */ = {
			isa = PBXGroup;
			children = (
				B1454F1E19848D2E000056EA /* MPDayViewController.h */,
				B1454F1F19848D2E000056EA /* MPDayViewController.m */,
			);
			name = Controllers;
			sourceTree = "<group>";
		};
/* End PBXGroup section */

/* Begin PBXNativeTarget section */
		1B830CC81984651300D9C846 /* Penny */ = {
			isa = PBXNativeTarget;
			buildConfigurationList = 1B830CF51984651400D9C846 /* Build configuration list for PBXNativeTarget "Penny" */;
			buildPhases = (
				B16A8987BE454D2597AA9514 /* Check Pods Manifest.lock */,
				1B830CC51984651300D9C846 /* Sources */,
				1B830CC61984651300D9C846 /* Frameworks */,
				1B830CC71984651300D9C846 /* Resources */,
				120523D87A0F46CE8B40BA26 /* Copy Pods Resources */,
			);
			buildRules = (
			);
			dependencies = (
			);
			name = Penny;
			productName = Penny;
			productReference = 1B830CC91984651300D9C846 /* Penny.app */;
			productType = "com.apple.product-type.application";
		};
		1B830CE31984651400D9C846 /* PennyTests */ = {
			isa = PBXNativeTarget;
			buildConfigurationList = 1B830CF81984651400D9C846 /* Build configuration list for PBXNativeTarget "PennyTests" */;
			buildPhases = (
				1B830CE01984651400D9C846 /* Sources */,
				1B830CE11984651400D9C846 /* Frameworks */,
				1B830CE21984651400D9C846 /* Resources */,
			);
			buildRules = (
			);
			dependencies = (
				1B830CEA1984651400D9C846 /* PBXTargetDependency */,
			);
			name = PennyTests;
			productName = PennyTests;
			productReference = 1B830CE41984651400D9C846 /* PennyTests.xctest */;
			productType = "com.apple.product-type.bundle.unit-test";
		};
/* End PBXNativeTarget section */

/* Begin PBXProject section */
		1B830CC11984651300D9C846 /* Project object */ = {
			isa = PBXProject;
			attributes = {
				CLASSPREFIX = MP;
				LastUpgradeCheck = 0510;
				ORGANIZATIONNAME = com.MJPZ;
				TargetAttributes = {
					1B830CE31984651400D9C846 = {
						TestTargetID = 1B830CC81984651300D9C846;
					};
				};
			};
			buildConfigurationList = 1B830CC41984651300D9C846 /* Build configuration list for PBXProject "Penny" */;
			compatibilityVersion = "Xcode 3.2";
			developmentRegion = English;
			hasScannedForEncodings = 0;
			knownRegions = (
				en,
			);
			mainGroup = 1B830CC01984651300D9C846;
			productRefGroup = 1B830CCA1984651300D9C846 /* Products */;
			projectDirPath = "";
			projectRoot = "";
			targets = (
				1B830CC81984651300D9C846 /* Penny */,
				1B830CE31984651400D9C846 /* PennyTests */,
			);
		};
/* End PBXProject section */

/* Begin PBXResourcesBuildPhase section */
		1B830CC71984651300D9C846 /* Resources */ = {
			isa = PBXResourcesBuildPhase;
			buildActionMask = 2147483647;
			files = (
				1B830CD71984651300D9C846 /* InfoPlist.strings in Resources */,
				1B830CDF1984651400D9C846 /* Images.xcassets in Resources */,
			);
			runOnlyForDeploymentPostprocessing = 0;
		};
		1B830CE21984651400D9C846 /* Resources */ = {
			isa = PBXResourcesBuildPhase;
			buildActionMask = 2147483647;
			files = (
				1B830CF01984651400D9C846 /* InfoPlist.strings in Resources */,
			);
			runOnlyForDeploymentPostprocessing = 0;
		};
/* End PBXResourcesBuildPhase section */

/* Begin PBXShellScriptBuildPhase section */
		120523D87A0F46CE8B40BA26 /* Copy Pods Resources */ = {
			isa = PBXShellScriptBuildPhase;
			buildActionMask = 2147483647;
			files = (
			);
			inputPaths = (
			);
			name = "Copy Pods Resources";
			outputPaths = (
			);
			runOnlyForDeploymentPostprocessing = 0;
			shellPath = /bin/sh;
			shellScript = "\"${SRCROOT}/Pods/Pods-Penny-resources.sh\"\n";
			showEnvVarsInLog = 0;
		};
		B16A8987BE454D2597AA9514 /* Check Pods Manifest.lock */ = {
			isa = PBXShellScriptBuildPhase;
			buildActionMask = 2147483647;
			files = (
			);
			inputPaths = (
			);
			name = "Check Pods Manifest.lock";
			outputPaths = (
			);
			runOnlyForDeploymentPostprocessing = 0;
			shellPath = /bin/sh;
			shellScript = "diff \"${PODS_ROOT}/../Podfile.lock\" \"${PODS_ROOT}/Manifest.lock\" > /dev/null\nif [[ $? != 0 ]] ; then\n    cat << EOM\nerror: The sandbox is not in sync with the Podfile.lock. Run 'pod install' or update your CocoaPods installation.\nEOM\n    exit 1\nfi\n";
			showEnvVarsInLog = 0;
		};
/* End PBXShellScriptBuildPhase section */

/* Begin PBXSourcesBuildPhase section */
		1B830CC51984651300D9C846 /* Sources */ = {
			isa = PBXSourcesBuildPhase;
			buildActionMask = 2147483647;
			files = (
				1B3274D81984842E00D6B1F3 /* NSManagedObjectContext+MP.m in Sources */,
				1B3274BD1984702800D6B1F3 /* MPClient.m in Sources */,
				B1454F2019848D2E000056EA /* MPDayViewController.m in Sources */,
				1B3274C2198471D800D6B1F3 /* Penny.xcdatamodeld in Sources */,
				1B3274CC19847E5300D6B1F3 /* MPDayRecord.m in Sources */,
				B1454F2319848F63000056EA /* MPDailyBudgetView.m in Sources */,
				1B3274C9198473C000D6B1F3 /* MPCoreDataManager.m in Sources */,
				1B830CD91984651300D9C846 /* main.m in Sources */,
				B1454F1A198489FE000056EA /* MPFrameSequenceView.m in Sources */,
				1B3274CF19847E9300D6B1F3 /* MPDayRecord+MP.m in Sources */,
				1B830CDD1984651400D9C846 /* MPAppDelegate.m in Sources */,
				1B3274D21984812C00D6B1F3 /* NSDate+MP.m in Sources */,
				1B3274B31984674A00D6B1F3 /* MPNavigationView.m in Sources */,
			);
			runOnlyForDeploymentPostprocessing = 0;
		};
		1B830CE01984651400D9C846 /* Sources */ = {
			isa = PBXSourcesBuildPhase;
			buildActionMask = 2147483647;
			files = (
				1B830CF21984651400D9C846 /* PennyTests.m in Sources */,
			);
			runOnlyForDeploymentPostprocessing = 0;
		};
/* End PBXSourcesBuildPhase section */

/* Begin PBXTargetDependency section */
		1B830CEA1984651400D9C846 /* PBXTargetDependency */ = {
			isa = PBXTargetDependency;
			target = 1B830CC81984651300D9C846 /* Penny */;
			targetProxy = 1B830CE91984651400D9C846 /* PBXContainerItemProxy */;
		};
/* End PBXTargetDependency section */

/* Begin PBXVariantGroup section */
		1B830CD51984651300D9C846 /* InfoPlist.strings */ = {
			isa = PBXVariantGroup;
			children = (
				1B830CD61984651300D9C846 /* en */,
			);
			name = InfoPlist.strings;
			sourceTree = "<group>";
		};
		1B830CEE1984651400D9C846 /* InfoPlist.strings */ = {
			isa = PBXVariantGroup;
			children = (
				1B830CEF1984651400D9C846 /* en */,
			);
			name = InfoPlist.strings;
			sourceTree = "<group>";
		};
/* End PBXVariantGroup section */

/* Begin XCBuildConfiguration section */
		1B830CF31984651400D9C846 /* Debug */ = {
			isa = XCBuildConfiguration;
			buildSettings = {
				ALWAYS_SEARCH_USER_PATHS = NO;
				CLANG_CXX_LANGUAGE_STANDARD = "gnu++0x";
				CLANG_CXX_LIBRARY = "libc++";
				CLANG_ENABLE_MODULES = YES;
				CLANG_ENABLE_OBJC_ARC = YES;
				CLANG_WARN_BOOL_CONVERSION = YES;
				CLANG_WARN_CONSTANT_CONVERSION = YES;
				CLANG_WARN_DIRECT_OBJC_ISA_USAGE = YES_ERROR;
				CLANG_WARN_EMPTY_BODY = YES;
				CLANG_WARN_ENUM_CONVERSION = YES;
				CLANG_WARN_INT_CONVERSION = YES;
				CLANG_WARN_OBJC_ROOT_CLASS = YES_ERROR;
				CLANG_WARN__DUPLICATE_METHOD_MATCH = YES;
				"CODE_SIGN_IDENTITY[sdk=iphoneos*]" = "iPhone Developer";
				COPY_PHASE_STRIP = NO;
				GCC_C_LANGUAGE_STANDARD = gnu99;
				GCC_DYNAMIC_NO_PIC = NO;
				GCC_OPTIMIZATION_LEVEL = 0;
				GCC_PREPROCESSOR_DEFINITIONS = (
					"DEBUG=1",
					"$(inherited)",
				);
				GCC_SYMBOLS_PRIVATE_EXTERN = NO;
				GCC_WARN_64_TO_32_BIT_CONVERSION = YES;
				GCC_WARN_ABOUT_RETURN_TYPE = YES_ERROR;
				GCC_WARN_UNDECLARED_SELECTOR = YES;
				GCC_WARN_UNINITIALIZED_AUTOS = YES_AGGRESSIVE;
				GCC_WARN_UNUSED_FUNCTION = YES;
				GCC_WARN_UNUSED_VARIABLE = YES;
				IPHONEOS_DEPLOYMENT_TARGET = 7.1;
				ONLY_ACTIVE_ARCH = YES;
				SDKROOT = iphoneos;
			};
			name = Debug;
		};
		1B830CF41984651400D9C846 /* Release */ = {
			isa = XCBuildConfiguration;
			buildSettings = {
				ALWAYS_SEARCH_USER_PATHS = NO;
				CLANG_CXX_LANGUAGE_STANDARD = "gnu++0x";
				CLANG_CXX_LIBRARY = "libc++";
				CLANG_ENABLE_MODULES = YES;
				CLANG_ENABLE_OBJC_ARC = YES;
				CLANG_WARN_BOOL_CONVERSION = YES;
				CLANG_WARN_CONSTANT_CONVERSION = YES;
				CLANG_WARN_DIRECT_OBJC_ISA_USAGE = YES_ERROR;
				CLANG_WARN_EMPTY_BODY = YES;
				CLANG_WARN_ENUM_CONVERSION = YES;
				CLANG_WARN_INT_CONVERSION = YES;
				CLANG_WARN_OBJC_ROOT_CLASS = YES_ERROR;
				CLANG_WARN__DUPLICATE_METHOD_MATCH = YES;
				"CODE_SIGN_IDENTITY[sdk=iphoneos*]" = "iPhone Developer";
				COPY_PHASE_STRIP = YES;
				ENABLE_NS_ASSERTIONS = NO;
				GCC_C_LANGUAGE_STANDARD = gnu99;
				GCC_WARN_64_TO_32_BIT_CONVERSION = YES;
				GCC_WARN_ABOUT_RETURN_TYPE = YES_ERROR;
				GCC_WARN_UNDECLARED_SELECTOR = YES;
				GCC_WARN_UNINITIALIZED_AUTOS = YES_AGGRESSIVE;
				GCC_WARN_UNUSED_FUNCTION = YES;
				GCC_WARN_UNUSED_VARIABLE = YES;
				IPHONEOS_DEPLOYMENT_TARGET = 7.1;
				SDKROOT = iphoneos;
				VALIDATE_PRODUCT = YES;
			};
			name = Release;
		};
		1B830CF61984651400D9C846 /* Debug */ = {
			isa = XCBuildConfiguration;
			baseConfigurationReference = F13447C4175A4EC79CAB29E0 /* Pods-Penny.xcconfig */;
			buildSettings = {
				ASSETCATALOG_COMPILER_APPICON_NAME = AppIcon;
				ASSETCATALOG_COMPILER_LAUNCHIMAGE_NAME = LaunchImage;
				GCC_PRECOMPILE_PREFIX_HEADER = YES;
				GCC_PREFIX_HEADER = "Penny/Penny-Prefix.pch";
				INFOPLIST_FILE = "Penny/Penny-Info.plist";
				PRODUCT_NAME = "$(TARGET_NAME)";
				WRAPPER_EXTENSION = app;
			};
			name = Debug;
		};
		1B830CF71984651400D9C846 /* Release */ = {
			isa = XCBuildConfiguration;
			baseConfigurationReference = F13447C4175A4EC79CAB29E0 /* Pods-Penny.xcconfig */;
			buildSettings = {
				ASSETCATALOG_COMPILER_APPICON_NAME = AppIcon;
				ASSETCATALOG_COMPILER_LAUNCHIMAGE_NAME = LaunchImage;
				GCC_PRECOMPILE_PREFIX_HEADER = YES;
				GCC_PREFIX_HEADER = "Penny/Penny-Prefix.pch";
				INFOPLIST_FILE = "Penny/Penny-Info.plist";
				PRODUCT_NAME = "$(TARGET_NAME)";
				WRAPPER_EXTENSION = app;
			};
			name = Release;
		};
		1B830CF91984651400D9C846 /* Debug */ = {
			isa = XCBuildConfiguration;
			buildSettings = {
				BUNDLE_LOADER = "$(BUILT_PRODUCTS_DIR)/Penny.app/Penny";
				FRAMEWORK_SEARCH_PATHS = (
					"$(SDKROOT)/Developer/Library/Frameworks",
					"$(inherited)",
					"$(DEVELOPER_FRAMEWORKS_DIR)",
				);
				GCC_PRECOMPILE_PREFIX_HEADER = YES;
				GCC_PREFIX_HEADER = "Penny/Penny-Prefix.pch";
				GCC_PREPROCESSOR_DEFINITIONS = (
					"DEBUG=1",
					"$(inherited)",
				);
				INFOPLIST_FILE = "PennyTests/PennyTests-Info.plist";
				PRODUCT_NAME = "$(TARGET_NAME)";
				TEST_HOST = "$(BUNDLE_LOADER)";
				WRAPPER_EXTENSION = xctest;
			};
			name = Debug;
		};
		1B830CFA1984651400D9C846 /* Release */ = {
			isa = XCBuildConfiguration;
			buildSettings = {
				BUNDLE_LOADER = "$(BUILT_PRODUCTS_DIR)/Penny.app/Penny";
				FRAMEWORK_SEARCH_PATHS = (
					"$(SDKROOT)/Developer/Library/Frameworks",
					"$(inherited)",
					"$(DEVELOPER_FRAMEWORKS_DIR)",
				);
				GCC_PRECOMPILE_PREFIX_HEADER = YES;
				GCC_PREFIX_HEADER = "Penny/Penny-Prefix.pch";
				INFOPLIST_FILE = "PennyTests/PennyTests-Info.plist";
				PRODUCT_NAME = "$(TARGET_NAME)";
				TEST_HOST = "$(BUNDLE_LOADER)";
				WRAPPER_EXTENSION = xctest;
			};
			name = Release;
		};
/* End XCBuildConfiguration section */

/* Begin XCConfigurationList section */
		1B830CC41984651300D9C846 /* Build configuration list for PBXProject "Penny" */ = {
			isa = XCConfigurationList;
			buildConfigurations = (
				1B830CF31984651400D9C846 /* Debug */,
				1B830CF41984651400D9C846 /* Release */,
			);
			defaultConfigurationIsVisible = 0;
			defaultConfigurationName = Release;
		};
		1B830CF51984651400D9C846 /* Build configuration list for PBXNativeTarget "Penny" */ = {
			isa = XCConfigurationList;
			buildConfigurations = (
				1B830CF61984651400D9C846 /* Debug */,
				1B830CF71984651400D9C846 /* Release */,
			);
			defaultConfigurationIsVisible = 0;
			defaultConfigurationName = Release;
		};
		1B830CF81984651400D9C846 /* Build configuration list for PBXNativeTarget "PennyTests" */ = {
			isa = XCConfigurationList;
			buildConfigurations = (
				1B830CF91984651400D9C846 /* Debug */,
				1B830CFA1984651400D9C846 /* Release */,
			);
			defaultConfigurationIsVisible = 0;
			defaultConfigurationName = Release;
		};
/* End XCConfigurationList section */

/* Begin XCVersionGroup section */
		1B3274C0198471D800D6B1F3 /* Penny.xcdatamodeld */ = {
			isa = XCVersionGroup;
			children = (
				1B3274C1198471D800D6B1F3 /* Penny.xcdatamodel */,
			);
			currentVersion = 1B3274C1198471D800D6B1F3 /* Penny.xcdatamodel */;
			path = Penny.xcdatamodeld;
			sourceTree = "<group>";
			versionGroupType = wrapper.xcdatamodel;
		};
/* End XCVersionGroup section */
	};
	rootObject = 1B830CC11984651300D9C846 /* Project object */;
}
